
Microsoft Visual Studio Solution File, Format Version 12.00
# Visual Studio Version 17
VisualStudioVersion = 17.0.31903.59
MinimumVisualStudioVersion = 10.0.40219.1
Project("{FAE04EC0-301F-11D3-BF4B-00C04F79EFBC}") = "AuthForge.Api", "AuthForge.Api\AuthForge.Api.csproj", "{BCC314FE-FFFF-45C3-968E-DBCC03EABB6E}"
EndProject
Project("{FAE04EC0-301F-11D3-BF4B-00C04F79EFBC}") = "AuthForge.Providers", "AuthForge.Providers\AuthForge.Providers.csproj", "{2DD6A8A8-5156-487A-BDA3-CC45CA3305A7}"
EndProject
Project("{FAE04EC0-301F-11D3-BF4B-00C04F79EFBC}") = "AuthForge.Tests", "AuthForge.Tests\AuthForge.Tests.csproj", "{EF194EC6-39A7-457E-B838-7DFFCACD3718}"
EndProject
Global
	GlobalSection(SolutionConfigurationPlatforms) = preSolution
		Debug|Any CPU = Debug|Any CPU
		Debug|x64 = Debug|x64
		Debug|x86 = Debug|x86
		Release|Any CPU = Release|Any CPU
		Release|x64 = Release|x64
		Release|x86 = Release|x86
	EndGlobalSection
	GlobalSection(ProjectConfigurationPlatforms) = postSolution
		{BCC314FE-FFFF-45C3-968E-DBCC03EABB6E}.Debug|Any CPU.ActiveCfg = Debug|Any CPU
		{BCC314FE-FFFF-45C3-968E-DBCC03EABB6E}.Debug|Any CPU.Build.0 = Debug|Any CPU
		{BCC314FE-FFFF-45C3-968E-DBCC03EABB6E}.Debug|x64.ActiveCfg = Debug|Any CPU
		{BCC314FE-FFFF-45C3-968E-DBCC03EABB6E}.Debug|x64.Build.0 = Debug|Any CPU
		{BCC314FE-FFFF-45C3-968E-DBCC03EABB6E}.Debug|x86.ActiveCfg = Debug|Any CPU
		{BCC314FE-FFFF-45C3-968E-DBCC03EABB6E}.Debug|x86.Build.0 = Debug|Any CPU
		{BCC314FE-FFFF-45C3-968E-DBCC03EABB6E}.Release|Any CPU.ActiveCfg = Release|Any CPU
		{BCC314FE-FFFF-45C3-968E-DBCC03EABB6E}.Release|Any CPU.Build.0 = Release|Any CPU
		{BCC314FE-FFFF-45C3-968E-DBCC03EABB6E}.Release|x64.ActiveCfg = Release|Any CPU
		{BCC314FE-FFFF-45C3-968E-DBCC03EABB6E}.Release|x64.Build.0 = Release|Any CPU
		{BCC314FE-FFFF-45C3-968E-DBCC03EABB6E}.Release|x86.ActiveCfg = Release|Any CPU
		{BCC314FE-FFFF-45C3-968E-DBCC03EABB6E}.Release|x86.Build.0 = Release|Any CPU
		{2DD6A8A8-5156-487A-BDA3-CC45CA3305A7}.Debug|Any CPU.ActiveCfg = Debug|Any CPU
		{2DD6A8A8-5156-487A-BDA3-CC45CA3305A7}.Debug|Any CPU.Build.0 = Debug|Any CPU
		{2DD6A8A8-5156-487A-BDA3-CC45CA3305A7}.Debug|x64.ActiveCfg = Debug|Any CPU
		{2DD6A8A8-5156-487A-BDA3-CC45CA3305A7}.Debug|x64.Build.0 = Debug|Any CPU
		{2DD6A8A8-5156-487A-BDA3-CC45CA3305A7}.Debug|x86.ActiveCfg = Debug|Any CPU
		{2DD6A8A8-5156-487A-BDA3-CC45CA3305A7}.Debug|x86.Build.0 = Debug|Any CPU
		{2DD6A8A8-5156-487A-BDA3-CC45CA3305A7}.Release|Any CPU.ActiveCfg = Release|Any CPU
		{2DD6A8A8-5156-487A-BDA3-CC45CA3305A7}.Release|Any CPU.Build.0 = Release|Any CPU
		{2DD6A8A8-5156-487A-BDA3-CC45CA3305A7}.Release|x64.ActiveCfg = Release|Any CPU
		{2DD6A8A8-5156-487A-BDA3-CC45CA3305A7}.Release|x64.Build.0 = Release|Any CPU
		{2DD6A8A8-5156-487A-BDA3-CC45CA3305A7}.Release|x86.ActiveCfg = Release|Any CPU
		{2DD6A8A8-5156-487A-BDA3-CC45CA3305A7}.Release|x86.Build.0 = Release|Any CPU
		{EF194EC6-39A7-457E-B838-7DFFCACD3718}.Debug|Any CPU.ActiveCfg = Debug|Any CPU
		{EF194EC6-39A7-457E-B838-7DFFCACD3718}.Debug|Any CPU.Build.0 = Debug|Any CPU
		{EF194EC6-39A7-457E-B838-7DFFCACD3718}.Debug|x64.ActiveCfg = Debug|Any CPU
		{EF194EC6-39A7-457E-B838-7DFFCACD3718}.Debug|x64.Build.0 = Debug|Any CPU
		{EF194EC6-39A7-457E-B838-7DFFCACD3718}.Debug|x86.ActiveCfg = Debug|Any CPU
		{EF194EC6-39A7-457E-B838-7DFFCACD3718}.Debug|x86.Build.0 = Debug|Any CPU
		{EF194EC6-39A7-457E-B838-7DFFCACD3718}.Release|Any CPU.ActiveCfg = Release|Any CPU
		{EF194EC6-39A7-457E-B838-7DFFCACD3718}.Release|Any CPU.Build.0 = Release|Any CPU
		{EF194EC6-39A7-457E-B838-7DFFCACD3718}.Release|x64.ActiveCfg = Release|Any CPU
		{EF194EC6-39A7-457E-B838-7DFFCACD3718}.Release|x64.Build.0 = Release|Any CPU
		{EF194EC6-39A7-457E-B838-7DFFCACD3718}.Release|x86.ActiveCfg = Release|Any CPU
		{EF194EC6-39A7-457E-B838-7DFFCACD3718}.Release|x86.Build.0 = Release|Any CPU
	EndGlobalSection
	GlobalSection(SolutionProperties) = preSolution
		HideSolutionNode = FALSE
	EndGlobalSection
EndGlobal
