
Microsoft Visual Studio Solution File, Format Version 12.00
Project("{2150E333-8FDC-42A3-9474-1A3956D46DE8}") = "src", "src", "{827E0CD3-B72D-47B6-A68D-7590B98EB39B}"
EndProject
Project("{FAE04EC0-301F-11D3-BF4B-00C04F79EFBC}") = "AuthForge.Domain", "src\AuthForge.Domain\AuthForge.Domain.csproj", "{4F2DB7E7-FE0B-48D3-872E-F6BAC22E3442}"
EndProject
Project("{FAE04EC0-301F-11D3-BF4B-00C04F79EFBC}") = "AuthForge.Infrastructure", "src\AuthForge.Infrastructure\AuthForge.Infrastructure.csproj", "{2B0261DB-5B37-41CE-BB79-C84EDB9DF276}"
EndProject
Project("{FAE04EC0-301F-11D3-BF4B-00C04F79EFBC}") = "AuthForge.Application", "src\AuthForge.Application\AuthForge.Application.csproj", "{7860E5A4-D662-4A97-ABAA-ACB5F968720D}"
EndProject
Project("{FAE04EC0-301F-11D3-BF4B-00C04F79EFBC}") = "AuthForge.Api", "src\AuthForge.Api\AuthForge.Api.csproj", "{BB4A398B-50E2-482E-9CE9-26FF89B1AE98}"
EndProject
Project("{2150E333-8FDC-42A3-9474-1A3956D46DE8}") = "tests", "tests", "{0AB3BF05-4346-4AA6-1389-037BE0695223}"
EndProject
Project("{FAE04EC0-301F-11D3-BF4B-00C04F79EFBC}") = "AuthForge.Domain.Tests", "tests\AuthForge.Domain.Tests\AuthForge.Domain.Tests.csproj", "{B7F4E54A-75B4-4C47-8C82-3A99F2E33256}"
EndProject
Project("{FAE04EC0-301F-11D3-BF4B-00C04F79EFBC}") = "AuthForge.Application.Tests", "tests\AuthForge.Application.Tests\AuthForge.Application.Tests.csproj", "{DDA03F18-1FE7-4B66-BB2D-33BE458EF915}"
EndProject
Project("{FAE04EC0-301F-11D3-BF4B-00C04F79EFBC}") = "AuthForge.Infrastructure.Tests", "tests\AuthForge.Infrastructure.Tests\AuthForge.Infrastructure.Tests.csproj", "{2279F69E-ABFA-4822-90C0-3056246A6489}"
EndProject
Global
	GlobalSection(SolutionConfigurationPlatforms) = preSolution
		Debug|Any CPU = Debug|Any CPU
		Debug|x64 = Debug|x64
		Debug|x86 = Debug|x86
		Release|Any CPU = Release|Any CPU
		Release|x64 = Release|x64
		Release|x86 = Release|x86
	EndGlobalSection
	GlobalSection(ProjectConfigurationPlatforms) = postSolution
		{4F2DB7E7-FE0B-48D3-872E-F6BAC22E3442}.Debug|Any CPU.ActiveCfg = Debug|Any CPU
		{4F2DB7E7-FE0B-48D3-872E-F6BAC22E3442}.Debug|Any CPU.Build.0 = Debug|Any CPU
		{4F2DB7E7-FE0B-48D3-872E-F6BAC22E3442}.Debug|x64.ActiveCfg = Debug|Any CPU
		{4F2DB7E7-FE0B-48D3-872E-F6BAC22E3442}.Debug|x64.Build.0 = Debug|Any CPU
		{4F2DB7E7-FE0B-48D3-872E-F6BAC22E3442}.Debug|x86.ActiveCfg = Debug|Any CPU
		{4F2DB7E7-FE0B-48D3-872E-F6BAC22E3442}.Debug|x86.Build.0 = Debug|Any CPU
		{4F2DB7E7-FE0B-48D3-872E-F6BAC22E3442}.Release|Any CPU.ActiveCfg = Release|Any CPU
		{4F2DB7E7-FE0B-48D3-872E-F6BAC22E3442}.Release|Any CPU.Build.0 = Release|Any CPU
		{4F2DB7E7-FE0B-48D3-872E-F6BAC22E3442}.Release|x64.ActiveCfg = Release|Any CPU
		{4F2DB7E7-FE0B-48D3-872E-F6BAC22E3442}.Release|x64.Build.0 = Release|Any CPU
		{4F2DB7E7-FE0B-48D3-872E-F6BAC22E3442}.Release|x86.ActiveCfg = Release|Any CPU
		{4F2DB7E7-FE0B-48D3-872E-F6BAC22E3442}.Release|x86.Build.0 = Release|Any CPU
		{2B0261DB-5B37-41CE-BB79-C84EDB9DF276}.Debug|Any CPU.ActiveCfg = Debug|Any CPU
		{2B0261DB-5B37-41CE-BB79-C84EDB9DF276}.Debug|Any CPU.Build.0 = Debug|Any CPU
		{2B0261DB-5B37-41CE-BB79-C84EDB9DF276}.Debug|x64.ActiveCfg = Debug|Any CPU
		{2B0261DB-5B37-41CE-BB79-C84EDB9DF276}.Debug|x64.Build.0 = Debug|Any CPU
		{2B0261DB-5B37-41CE-BB79-C84EDB9DF276}.Debug|x86.ActiveCfg = Debug|Any CPU
		{2B0261DB-5B37-41CE-BB79-C84EDB9DF276}.Debug|x86.Build.0 = Debug|Any CPU
		{2B0261DB-5B37-41CE-BB79-C84EDB9DF276}.Release|Any CPU.ActiveCfg = Release|Any CPU
		{2B0261DB-5B37-41CE-BB79-C84EDB9DF276}.Release|Any CPU.Build.0 = Release|Any CPU
		{2B0261DB-5B37-41CE-BB79-C84EDB9DF276}.Release|x64.ActiveCfg = Release|Any CPU
		{2B0261DB-5B37-41CE-BB79-C84EDB9DF276}.Release|x64.Build.0 = Release|Any CPU
		{2B0261DB-5B37-41CE-BB79-C84EDB9DF276}.Release|x86.ActiveCfg = Release|Any CPU
		{2B0261DB-5B37-41CE-BB79-C84EDB9DF276}.Release|x86.Build.0 = Release|Any CPU
		{7860E5A4-D662-4A97-ABAA-ACB5F968720D}.Debug|Any CPU.ActiveCfg = Debug|Any CPU
		{7860E5A4-D662-4A97-ABAA-ACB5F968720D}.Debug|Any CPU.Build.0 = Debug|Any CPU
		{7860E5A4-D662-4A97-ABAA-ACB5F968720D}.Debug|x64.ActiveCfg = Debug|Any CPU
		{7860E5A4-D662-4A97-ABAA-ACB5F968720D}.Debug|x64.Build.0 = Debug|Any CPU
		{7860E5A4-D662-4A97-ABAA-ACB5F968720D}.Debug|x86.ActiveCfg = Debug|Any CPU
		{7860E5A4-D662-4A97-ABAA-ACB5F968720D}.Debug|x86.Build.0 = Debug|Any CPU
		{7860E5A4-D662-4A97-ABAA-ACB5F968720D}.Release|Any CPU.ActiveCfg = Release|Any CPU
		{7860E5A4-D662-4A97-ABAA-ACB5F968720D}.Release|Any CPU.Build.0 = Release|Any CPU
		{7860E5A4-D662-4A97-ABAA-ACB5F968720D}.Release|x64.ActiveCfg = Release|Any CPU
		{7860E5A4-D662-4A97-ABAA-ACB5F968720D}.Release|x64.Build.0 = Release|Any CPU
		{7860E5A4-D662-4A97-ABAA-ACB5F968720D}.Release|x86.ActiveCfg = Release|Any CPU
		{7860E5A4-D662-4A97-ABAA-ACB5F968720D}.Release|x86.Build.0 = Release|Any CPU
		{BB4A398B-50E2-482E-9CE9-26FF89B1AE98}.Debug|Any CPU.ActiveCfg = Debug|Any CPU
		{BB4A398B-50E2-482E-9CE9-26FF89B1AE98}.Debug|Any CPU.Build.0 = Debug|Any CPU
		{BB4A398B-50E2-482E-9CE9-26FF89B1AE98}.Debug|x64.ActiveCfg = Debug|Any CPU
		{BB4A398B-50E2-482E-9CE9-26FF89B1AE98}.Debug|x64.Build.0 = Debug|Any CPU
		{BB4A398B-50E2-482E-9CE9-26FF89B1AE98}.Debug|x86.ActiveCfg = Debug|Any CPU
		{BB4A398B-50E2-482E-9CE9-26FF89B1AE98}.Debug|x86.Build.0 = Debug|Any CPU
		{BB4A398B-50E2-482E-9CE9-26FF89B1AE98}.Release|Any CPU.ActiveCfg = Release|Any CPU
		{BB4A398B-50E2-482E-9CE9-26FF89B1AE98}.Release|Any CPU.Build.0 = Release|Any CPU
		{BB4A398B-50E2-482E-9CE9-26FF89B1AE98}.Release|x64.ActiveCfg = Release|Any CPU
		{BB4A398B-50E2-482E-9CE9-26FF89B1AE98}.Release|x64.Build.0 = Release|Any CPU
		{BB4A398B-50E2-482E-9CE9-26FF89B1AE98}.Release|x86.ActiveCfg = Release|Any CPU
		{BB4A398B-50E2-482E-9CE9-26FF89B1AE98}.Release|x86.Build.0 = Release|Any CPU
		{B7F4E54A-75B4-4C47-8C82-3A99F2E33256}.Debug|Any CPU.ActiveCfg = Debug|Any CPU
		{B7F4E54A-75B4-4C47-8C82-3A99F2E33256}.Debug|Any CPU.Build.0 = Debug|Any CPU
		{B7F4E54A-75B4-4C47-8C82-3A99F2E33256}.Debug|x64.ActiveCfg = Debug|Any CPU
		{B7F4E54A-75B4-4C47-8C82-3A99F2E33256}.Debug|x64.Build.0 = Debug|Any CPU
		{B7F4E54A-75B4-4C47-8C82-3A99F2E33256}.Debug|x86.ActiveCfg = Debug|Any CPU
		{B7F4E54A-75B4-4C47-8C82-3A99F2E33256}.Debug|x86.Build.0 = Debug|Any CPU
		{B7F4E54A-75B4-4C47-8C82-3A99F2E33256}.Release|Any CPU.ActiveCfg = Release|Any CPU
		{B7F4E54A-75B4-4C47-8C82-3A99F2E33256}.Release|Any CPU.Build.0 = Release|Any CPU
		{B7F4E54A-75B4-4C47-8C82-3A99F2E33256}.Release|x64.ActiveCfg = Release|Any CPU
		{B7F4E54A-75B4-4C47-8C82-3A99F2E33256}.Release|x64.Build.0 = Release|Any CPU
		{B7F4E54A-75B4-4C47-8C82-3A99F2E33256}.Release|x86.ActiveCfg = Release|Any CPU
		{B7F4E54A-75B4-4C47-8C82-3A99F2E33256}.Release|x86.Build.0 = Release|Any CPU
		{DDA03F18-1FE7-4B66-BB2D-33BE458EF915}.Debug|Any CPU.ActiveCfg = Debug|Any CPU
		{DDA03F18-1FE7-4B66-BB2D-33BE458EF915}.Debug|Any CPU.Build.0 = Debug|Any CPU
		{DDA03F18-1FE7-4B66-BB2D-33BE458EF915}.Debug|x64.ActiveCfg = Debug|Any CPU
		{DDA03F18-1FE7-4B66-BB2D-33BE458EF915}.Debug|x64.Build.0 = Debug|Any CPU
		{DDA03F18-1FE7-4B66-BB2D-33BE458EF915}.Debug|x86.ActiveCfg = Debug|Any CPU
		{DDA03F18-1FE7-4B66-BB2D-33BE458EF915}.Debug|x86.Build.0 = Debug|Any CPU
		{DDA03F18-1FE7-4B66-BB2D-33BE458EF915}.Release|Any CPU.ActiveCfg = Release|Any CPU
		{DDA03F18-1FE7-4B66-BB2D-33BE458EF915}.Release|Any CPU.Build.0 = Release|Any CPU
		{DDA03F18-1FE7-4B66-BB2D-33BE458EF915}.Release|x64.ActiveCfg = Release|Any CPU
		{DDA03F18-1FE7-4B66-BB2D-33BE458EF915}.Release|x64.Build.0 = Release|Any CPU
		{DDA03F18-1FE7-4B66-BB2D-33BE458EF915}.Release|x86.ActiveCfg = Release|Any CPU
		{DDA03F18-1FE7-4B66-BB2D-33BE458EF915}.Release|x86.Build.0 = Release|Any CPU
		{2279F69E-ABFA-4822-90C0-3056246A6489}.Debug|Any CPU.ActiveCfg = Debug|Any CPU
		{2279F69E-ABFA-4822-90C0-3056246A6489}.Debug|Any CPU.Build.0 = Debug|Any CPU
		{2279F69E-ABFA-4822-90C0-3056246A6489}.Debug|x64.ActiveCfg = Debug|Any CPU
		{2279F69E-ABFA-4822-90C0-3056246A6489}.Debug|x64.Build.0 = Debug|Any CPU
		{2279F69E-ABFA-4822-90C0-3056246A6489}.Debug|x86.ActiveCfg = Debug|Any CPU
		{2279F69E-ABFA-4822-90C0-3056246A6489}.Debug|x86.Build.0 = Debug|Any CPU
		{2279F69E-ABFA-4822-90C0-3056246A6489}.Release|Any CPU.ActiveCfg = Release|Any CPU
		{2279F69E-ABFA-4822-90C0-3056246A6489}.Release|Any CPU.Build.0 = Release|Any CPU
		{2279F69E-ABFA-4822-90C0-3056246A6489}.Release|x64.ActiveCfg = Release|Any CPU
		{2279F69E-ABFA-4822-90C0-3056246A6489}.Release|x64.Build.0 = Release|Any CPU
		{2279F69E-ABFA-4822-90C0-3056246A6489}.Release|x86.ActiveCfg = Release|Any CPU
		{2279F69E-ABFA-4822-90C0-3056246A6489}.Release|x86.Build.0 = Release|Any CPU
	EndGlobalSection
	GlobalSection(SolutionProperties) = preSolution
		HideSolutionNode = FALSE
	EndGlobalSection
	GlobalSection(NestedProjects) = preSolution
		{4F2DB7E7-FE0B-48D3-872E-F6BAC22E3442} = {827E0CD3-B72D-47B6-A68D-7590B98EB39B}
		{2B0261DB-5B37-41CE-BB79-C84EDB9DF276} = {827E0CD3-B72D-47B6-A68D-7590B98EB39B}
		{7860E5A4-D662-4A97-ABAA-ACB5F968720D} = {827E0CD3-B72D-47B6-A68D-7590B98EB39B}
		{BB4A398B-50E2-482E-9CE9-26FF89B1AE98} = {827E0CD3-B72D-47B6-A68D-7590B98EB39B}
		{B7F4E54A-75B4-4C47-8C82-3A99F2E33256} = {0AB3BF05-4346-4AA6-1389-037BE0695223}
		{DDA03F18-1FE7-4B66-BB2D-33BE458EF915} = {0AB3BF05-4346-4AA6-1389-037BE0695223}
		{2279F69E-ABFA-4822-90C0-3056246A6489} = {0AB3BF05-4346-4AA6-1389-037BE0695223}
	EndGlobalSection
EndGlobal
